// !$*UTF8*$!
{
	archiveVersion = 1;
	classes = {
	};
	objectVersion = 46;
	objects = {

/* Begin PBXBuildFile section */
		EB12422D1C0AA5720008A192 /* CalculatorBrain.m in Sources */ = {isa = PBXBuildFile; fileRef = EB12422C1C0AA5720008A192 /* CalculatorBrain.m */; };
		EBE4E5D31BFED892001ADC02 /* main.m in Sources */ = {isa = PBXBuildFile; fileRef = EBE4E5D21BFED892001ADC02 /* main.m */; };
		EBE4E5D61BFED892001ADC02 /* AppDelegate.m in Sources */ = {isa = PBXBuildFile; fileRef = EBE4E5D51BFED892001ADC02 /* AppDelegate.m */; };
		EBE4E5D91BFED892001ADC02 /* ViewController.m in Sources */ = {isa = PBXBuildFile; fileRef = EBE4E5D81BFED892001ADC02 /* ViewController.m */; };
		EBE4E5DC1BFED892001ADC02 /* Main.storyboard in Resources */ = {isa = PBXBuildFile; fileRef = EBE4E5DA1BFED892001ADC02 /* Main.storyboard */; };
		EBE4E5DE1BFED892001ADC02 /* Assets.xcassets in Resources */ = {isa = PBXBuildFile; fileRef = EBE4E5DD1BFED892001ADC02 /* Assets.xcassets */; };
		EBE4E5E11BFED892001ADC02 /* LaunchScreen.storyboard in Resources */ = {isa = PBXBuildFile; fileRef = EBE4E5DF1BFED892001ADC02 /* LaunchScreen.storyboard */; };
		EBE4E5EC1BFED893001ADC02 /* calculatorTests.m in Sources */ = {isa = PBXBuildFile; fileRef = EBE4E5EB1BFED893001ADC02 /* calculatorTests.m */; };
		EBE4E5F71BFED893001ADC02 /* calculatorUITests.m in Sources */ = {isa = PBXBuildFile; fileRef = EBE4E5F61BFED893001ADC02 /* calculatorUITests.m */; };
/* End PBXBuildFile section */

/* Begin PBXContainerItemProxy section */
		EBE4E5E81BFED893001ADC02 /* PBXContainerItemProxy */ = {
			isa = PBXContainerItemProxy;
			containerPortal = EBE4E5C61BFED892001ADC02 /* Project object */;
			proxyType = 1;
			remoteGlobalIDString = EBE4E5CD1BFED892001ADC02;
			remoteInfo = calculator;
		};
		EBE4E5F31BFED893001ADC02 /* PBXContainerItemProxy */ = {
			isa = PBXContainerItemProxy;
			containerPortal = EBE4E5C61BFED892001ADC02 /* Project object */;
			proxyType = 1;
			remoteGlobalIDString = EBE4E5CD1BFED892001ADC02;
			remoteInfo = calculator;
		};
/* End PBXContainerItemProxy section */

/* Begin PBXFileReference section */
		EB12422B1C0AA5720008A192 /* CalculatorBrain.h */ = {isa = PBXFileReference; fileEncoding = 4; lastKnownFileType = sourcecode.c.h; path = CalculatorBrain.h; sourceTree = "<group>"; };
		EB12422C1C0AA5720008A192 /* CalculatorBrain.m */ = {isa = PBXFileReference; fileEncoding = 4; lastKnownFileType = sourcecode.c.objc; path = CalculatorBrain.m; sourceTree = "<group>"; };
		EBE4E5CE1BFED892001ADC02 /* calculator.app */ = {isa = PBXFileReference; explicitFileType = wrapper.application; includeInIndex = 0; path = calculator.app; sourceTree = BUILT_PRODUCTS_DIR; };
		EBE4E5D21BFED892001ADC02 /* main.m */ = {isa = PBXFileReference; lastKnownFileType = sourcecode.c.objc; path = main.m; sourceTree = "<group>"; };
		EBE4E5D41BFED892001ADC02 /* AppDelegate.h */ = {isa = PBXFileReference; lastKnownFileType = sourcecode.c.h; path = AppDelegate.h; sourceTree = "<group>"; };
		EBE4E5D51BFED892001ADC02 /* AppDelegate.m */ = {isa = PBXFileReference; lastKnownFileType = sourcecode.c.objc; path = AppDelegate.m; sourceTree = "<group>"; };
		EBE4E5D71BFED892001ADC02 /* ViewController.h */ = {isa = PBXFileReference; lastKnownFileType = sourcecode.c.h; path = ViewController.h; sourceTree = "<group>"; };
		EBE4E5D81BFED892001ADC02 /* ViewController.m */ = {isa = PBXFileReference; lastKnownFileType = sourcecode.c.objc; path = ViewController.m; sourceTree = "<group>"; };
		EBE4E5DB1BFED892001ADC02 /* Base */ = {isa = PBXFileReference; lastKnownFileType = file.storyboard; name = Base; path = Base.lproj/Main.storyboard; sourceTree = "<group>"; };
		EBE4E5DD1BFED892001ADC02 /* Assets.xcassets */ = {isa = PBXFileReference; lastKnownFileType = folder.assetcatalog; path = Assets.xcassets; sourceTree = "<group>"; };
		EBE4E5E01BFED892001ADC02 /* Base */ = {isa = PBXFileReference; lastKnownFileType = file.storyboard; name = Base; path = Base.lproj/LaunchScreen.storyboard; sourceTree = "<group>"; };
		EBE4E5E21BFED892001ADC02 /* Info.plist */ = {isa = PBXFileReference; lastKnownFileType = text.plist.xml; path = Info.plist; sourceTree = "<group>"; };
		EBE4E5E71BFED893001ADC02 /* calculatorTests.xctest */ = {isa = PBXFileReference; explicitFileType = wrapper.cfbundle; includeInIndex = 0; path = calculatorTests.xctest; sourceTree = BUILT_PRODUCTS_DIR; };
		EBE4E5EB1BFED893001ADC02 /* calculatorTests.m */ = {isa = PBXFileReference; lastKnownFileType = sourcecode.c.objc; path = calculatorTests.m; sourceTree = "<group>"; };
		EBE4E5ED1BFED893001ADC02 /* Info.plist */ = {isa = PBXFileReference; lastKnownFileType = text.plist.xml; path = Info.plist; sourceTree = "<group>"; };
		EBE4E5F21BFED893001ADC02 /* calculatorUITests.xctest */ = {isa = PBXFileReference; explicitFileType = wrapper.cfbundle; includeInIndex = 0; path = calculatorUITests.xctest; sourceTree = BUILT_PRODUCTS_DIR; };
		EBE4E5F61BFED893001ADC02 /* calculatorUITests.m */ = {isa = PBXFileReference; lastKnownFileType = sourcecode.c.objc; path = calculatorUITests.m; sourceTree = "<group>"; };
		EBE4E5F81BFED893001ADC02 /* Info.plist */ = {isa = PBXFileReference; lastKnownFileType = text.plist.xml; path = Info.plist; sourceTree = "<group>"; };
/* End PBXFileReference section */

/* Begin PBXFrameworksBuildPhase section */
		EBE4E5CB1BFED892001ADC02 /* Frameworks */ = {
			isa = PBXFrameworksBuildPhase;
			buildActionMask = 2147483647;
			files = (
			);
			runOnlyForDeploymentPostprocessing = 0;
		};
		EBE4E5E41BFED893001ADC02 /* Frameworks */ = {
			isa = PBXFrameworksBuildPhase;
			buildActionMask = 2147483647;
			files = (
			);
			runOnlyForDeploymentPostprocessing = 0;
		};
		EBE4E5EF1BFED893001ADC02 /* Frameworks */ = {
			isa = PBXFrameworksBuildPhase;
			buildActionMask = 2147483647;
			files = (
			);
			runOnlyForDeploymentPostprocessing = 0;
		};
/* End PBXFrameworksBuildPhase section */

/* Begin PBXGroup section */
		EBE4E5C51BFED892001ADC02 = {
			isa = PBXGroup;
			children = (
				EBE4E5D01BFED892001ADC02 /* calculator */,
				EBE4E5EA1BFED893001ADC02 /* calculatorTests */,
				EBE4E5F51BFED893001ADC02 /* calculatorUITests */,
				EBE4E5CF1BFED892001ADC02 /* Products */,
			);
			sourceTree = "<group>";
		};
		EBE4E5CF1BFED892001ADC02 /* Products */ = {
			isa = PBXGroup;
			children = (
				EBE4E5CE1BFED892001ADC02 /* calculator.app */,
				EBE4E5E71BFED893001ADC02 /* calculatorTests.xctest */,
				EBE4E5F21BFED893001ADC02 /* calculatorUITests.xctest */,
			);
			name = Products;
			sourceTree = "<group>";
		};
		EBE4E5D01BFED892001ADC02 /* calculator */ = {
			isa = PBXGroup;
			children = (
				EBE4E5D41BFED892001ADC02 /* AppDelegate.h */,
				EBE4E5D51BFED892001ADC02 /* AppDelegate.m */,
				EBE4E5D71BFED892001ADC02 /* ViewController.h */,
				EBE4E5D81BFED892001ADC02 /* ViewController.m */,
				EBE4E5DA1BFED892001ADC02 /* Main.storyboard */,
				EB12422B1C0AA5720008A192 /* CalculatorBrain.h */,
				EB12422C1C0AA5720008A192 /* CalculatorBrain.m */,
				EBE4E5DD1BFED892001ADC02 /* Assets.xcassets */,
				EBE4E5DF1BFED892001ADC02 /* LaunchScreen.storyboard */,
				EBE4E5E21BFED892001ADC02 /* Info.plist */,
				EBE4E5D11BFED892001ADC02 /* Supporting Files */,
			);
			path = calculator;
			sourceTree = "<group>";
		};
		EBE4E5D11BFED892001ADC02 /* Supporting Files */ = {
			isa = PBXGroup;
			children = (
				EBE4E5D21BFED892001ADC02 /* main.m */,
			);
			name = "Supporting Files";
			sourceTree = "<group>";
		};
		EBE4E5EA1BFED893001ADC02 /* calculatorTests */ = {
			isa = PBXGroup;
			children = (
				EBE4E5EB1BFED893001ADC02 /* calculatorTests.m */,
				EBE4E5ED1BFED893001ADC02 /* Info.plist */,
			);
			path = calculatorTests;
			sourceTree = "<group>";
		};
		EBE4E5F51BFED893001ADC02 /* calculatorUITests */ = {
			isa = PBXGroup;
			children = (
				EBE4E5F61BFED893001ADC02 /* calculatorUITests.m */,
				EBE4E5F81BFED893001ADC02 /* Info.plist */,
			);
			path = calculatorUITests;
			sourceTree = "<group>";
		};
/* End PBXGroup section */

/* Begin PBXNativeTarget section */
		EBE4E5CD1BFED892001ADC02 /* calculator */ = {
			isa = PBXNativeTarget;
			buildConfigurationList = EBE4E5FB1BFED893001ADC02 /* Build configuration list for PBXNativeTarget "calculator" */;
			buildPhases = (
				EBE4E5CA1BFED892001ADC02 /* Sources */,
				EBE4E5CB1BFED892001ADC02 /* Frameworks */,
				EBE4E5CC1BFED892001ADC02 /* Resources */,
			);
			buildRules = (
			);
			dependencies = (
			);
			name = calculator;
			productName = calculator;
			productReference = EBE4E5CE1BFED892001ADC02 /* calculator.app */;
			productType = "com.apple.product-type.application";
		};
		EBE4E5E61BFED893001ADC02 /* calculatorTests */ = {
			isa = PBXNativeTarget;
			buildConfigurationList = EBE4E5FE1BFED893001ADC02 /* Build configuration list for PBXNativeTarget "calculatorTests" */;
			buildPhases = (
				EBE4E5E31BFED893001ADC02 /* Sources */,
				EBE4E5E41BFED893001ADC02 /* Frameworks */,
				EBE4E5E51BFED893001ADC02 /* Resources */,
			);
			buildRules = (
			);
			dependencies = (
				EBE4E5E91BFED893001ADC02 /* PBXTargetDependency */,
			);
			name = calculatorTests;
			productName = calculatorTests;
			productReference = EBE4E5E71BFED893001ADC02 /* calculatorTests.xctest */;
			productType = "com.apple.product-type.bundle.unit-test";
		};
		EBE4E5F11BFED893001ADC02 /* calculatorUITests */ = {
			isa = PBXNativeTarget;
			buildConfigurationList = EBE4E6011BFED893001ADC02 /* Build configuration list for PBXNativeTarget "calculatorUITests" */;
			buildPhases = (
				EBE4E5EE1BFED893001ADC02 /* Sources */,
				EBE4E5EF1BFED893001ADC02 /* Frameworks */,
				EBE4E5F01BFED893001ADC02 /* Resources */,
			);
			buildRules = (
			);
			dependencies = (
				EBE4E5F41BFED893001ADC02 /* PBXTargetDependency */,
			);
			name = calculatorUITests;
			productName = calculatorUITests;
			productReference = EBE4E5F21BFED893001ADC02 /* calculatorUITests.xctest */;
			productType = "com.apple.product-type.bundle.ui-testing";
		};
/* End PBXNativeTarget section */

/* Begin PBXProject section */
		EBE4E5C61BFED892001ADC02 /* Project object */ = {
			isa = PBXProject;
			attributes = {
				LastUpgradeCheck = 0710;
				ORGANIZATIONNAME = Esther;
				TargetAttributes = {
					EBE4E5CD1BFED892001ADC02 = {
						CreatedOnToolsVersion = 7.1.1;
					};
					EBE4E5E61BFED893001ADC02 = {
						CreatedOnToolsVersion = 7.1.1;
						TestTargetID = EBE4E5CD1BFED892001ADC02;
					};
					EBE4E5F11BFED893001ADC02 = {
						CreatedOnToolsVersion = 7.1.1;
						TestTargetID = EBE4E5CD1BFED892001ADC02;
					};
				};
			};
			buildConfigurationList = EBE4E5C91BFED892001ADC02 /* Build configuration list for PBXProject "calculator" */;
			compatibilityVersion = "Xcode 3.2";
			developmentRegion = English;
			hasScannedForEncodings = 0;
			knownRegions = (
				en,
				Base,
			);
			mainGroup = EBE4E5C51BFED892001ADC02;
			productRefGroup = EBE4E5CF1BFED892001ADC02 /* Products */;
			projectDirPath = "";
			projectRoot = "";
			targets = (
				EBE4E5CD1BFED892001ADC02 /* calculator */,
				EBE4E5E61BFED893001ADC02 /* calculatorTests */,
				EBE4E5F11BFED893001ADC02 /* calculatorUITests */,
			);
		};
/* End PBXProject section */

/* Begin PBXResourcesBuildPhase section */
		EBE4E5CC1BFED892001ADC02 /* Resources */ = {
			isa = PBXResourcesBuildPhase;
			buildActionMask = 2147483647;
			files = (
				EBE4E5E11BFED892001ADC02 /* LaunchScreen.storyboard in Resources */,
				EBE4E5DE1BFED892001ADC02 /* Assets.xcassets in Resources */,
				EBE4E5DC1BFED892001ADC02 /* Main.storyboard in Resources */,
			);
			runOnlyForDeploymentPostprocessing = 0;
		};
		EBE4E5E51BFED893001ADC02 /* Resources */ = {
			isa = PBXResourcesBuildPhase;
			buildActionMask = 2147483647;
			files = (
			);
			runOnlyForDeploymentPostprocessing = 0;
		};
		EBE4E5F01BFED893001ADC02 /* Resources */ = {
			isa = PBXResourcesBuildPhase;
			buildActionMask = 2147483647;
			files = (
			);
			runOnlyForDeploymentPostprocessing = 0;
		};
/* End PBXResourcesBuildPhase section */

/* Begin PBXSourcesBuildPhase section */
		EBE4E5CA1BFED892001ADC02 /* Sources */ = {
			isa = PBXSourcesBuildPhase;
			buildActionMask = 2147483647;
			files = (
				EBE4E5D91BFED892001ADC02 /* ViewController.m in Sources */,
				EBE4E5D61BFED892001ADC02 /* AppDelegate.m in Sources */,
				EB12422D1C0AA5720008A192 /* CalculatorBrain.m in Sources */,
				EBE4E5D31BFED892001ADC02 /* main.m in Sources */,
			);
			runOnlyForDeploymentPostprocessing = 0;
		};
		EBE4E5E31BFED893001ADC02 /* Sources */ = {
			isa = PBXSourcesBuildPhase;
			buildActionMask = 2147483647;
			files = (
				EBE4E5EC1BFED893001ADC02 /* calculatorTests.m in Sources */,
			);
			runOnlyForDeploymentPostprocessing = 0;
		};
		EBE4E5EE1BFED893001ADC02 /* Sources */ = {
			isa = PBXSourcesBuildPhase;
			buildActionMask = 2147483647;
			files = (
				EBE4E5F71BFED893001ADC02 /* calculatorUITests.m in Sources */,
			);
			runOnlyForDeploymentPostprocessing = 0;
		};
/* End PBXSourcesBuildPhase section */

/* Begin PBXTargetDependency section */
		EBE4E5E91BFED893001ADC02 /* PBXTargetDependency */ = {
			isa = PBXTargetDependency;
			target = EBE4E5CD1BFED892001ADC02 /* calculator */;
			targetProxy = EBE4E5E81BFED893001ADC02 /* PBXContainerItemProxy */;
		};
		EBE4E5F41BFED893001ADC02 /* PBXTargetDependency */ = {
			isa = PBXTargetDependency;
			target = EBE4E5CD1BFED892001ADC02 /* calculator */;
			targetProxy = EBE4E5F31BFED893001ADC02 /* PBXContainerItemProxy */;
		};
/* End PBXTargetDependency section */

/* Begin PBXVariantGroup section */
		EBE4E5DA1BFED892001ADC02 /* Main.storyboard */ = {
			isa = PBXVariantGroup;
			children = (
				EBE4E5DB1BFED892001ADC02 /* Base */,
			);
			name = Main.storyboard;
			sourceTree = "<group>";
		};
		EBE4E5DF1BFED892001ADC02 /* LaunchScreen.storyboard */ = {
			isa = PBXVariantGroup;
			children = (
				EBE4E5E01BFED892001ADC02 /* Base */,
			);
			name = LaunchScreen.storyboard;
			sourceTree = "<group>";
		};
/* End PBXVariantGroup section */

/* Begin XCBuildConfiguration section */
		EBE4E5F91BFED893001ADC02 /* Debug */ = {
			isa = XCBuildConfiguration;
			buildSettings = {
				ALWAYS_SEARCH_USER_PATHS = NO;
				CLANG_CXX_LANGUAGE_STANDARD = "gnu++0x";
				CLANG_CXX_LIBRARY = "libc++";
				CLANG_ENABLE_MODULES = YES;
				CLANG_ENABLE_OBJC_ARC = YES;
				CLANG_WARN_BOOL_CONVERSION = YES;
				CLANG_WARN_CONSTANT_CONVERSION = YES;
				CLANG_WARN_DIRECT_OBJC_ISA_USAGE = YES_ERROR;
				CLANG_WARN_EMPTY_BODY = YES;
				CLANG_WARN_ENUM_CONVERSION = YES;
				CLANG_WARN_INT_CONVERSION = YES;
				CLANG_WARN_OBJC_ROOT_CLASS = YES_ERROR;
				CLANG_WARN_UNREACHABLE_CODE = YES;
				CLANG_WARN__DUPLICATE_METHOD_MATCH = YES;
				"CODE_SIGN_IDENTITY[sdk=iphoneos*]" = "iPhone Developer";
				COPY_PHASE_STRIP = NO;
				DEBUG_INFORMATION_FORMAT = dwarf;
				ENABLE_STRICT_OBJC_MSGSEND = YES;
				ENABLE_TESTABILITY = YES;
				GCC_C_LANGUAGE_STANDARD = gnu99;
				GCC_DYNAMIC_NO_PIC = NO;
				GCC_NO_COMMON_BLOCKS = YES;
				GCC_OPTIMIZATION_LEVEL = 0;
				GCC_PREPROCESSOR_DEFINITIONS = (
					"DEBUG=1",
					"$(inherited)",
				);
				GCC_WARN_64_TO_32_BIT_CONVERSION = YES;
				GCC_WARN_ABOUT_RETURN_TYPE = YES_ERROR;
				GCC_WARN_UNDECLARED_SELECTOR = YES;
				GCC_WARN_UNINITIALIZED_AUTOS = YES_AGGRESSIVE;
				GCC_WARN_UNUSED_FUNCTION = YES;
				GCC_WARN_UNUSED_VARIABLE = YES;
				IPHONEOS_DEPLOYMENT_TARGET = 9.1;
				MTL_ENABLE_DEBUG_INFO = YES;
				ONLY_ACTIVE_ARCH = YES;
				SDKROOT = iphoneos;
			};
			name = Debug;
		};
		EBE4E5FA1BFED893001ADC02 /* Release */ = {
			isa = XCBuildConfiguration;
			buildSettings = {
				ALWAYS_SEARCH_USER_PATHS = NO;
				CLANG_CXX_LANGUAGE_STANDARD = "gnu++0x";
				CLANG_CXX_LIBRARY = "libc++";
				CLANG_ENABLE_MODULES = YES;
				CLANG_ENABLE_OBJC_ARC = YES;
				CLANG_WARN_BOOL_CONVERSION = YES;
				CLANG_WARN_CONSTANT_CONVERSION = YES;
				CLANG_WARN_DIRECT_OBJC_ISA_USAGE = YES_ERROR;
				CLANG_WARN_EMPTY_BODY = YES;
				CLANG_WARN_ENUM_CONVERSION = YES;
				CLANG_WARN_INT_CONVERSION = YES;
				CLANG_WARN_OBJC_ROOT_CLASS = YES_ERROR;
				CLANG_WARN_UNREACHABLE_CODE = YES;
				CLANG_WARN__DUPLICATE_METHOD_MATCH = YES;
				"CODE_SIGN_IDENTITY[sdk=iphoneos*]" = "iPhone Developer";
				COPY_PHASE_STRIP = NO;
				DEBUG_INFORMATION_FORMAT = "dwarf-with-dsym";
				ENABLE_NS_ASSERTIONS = NO;
				ENABLE_STRICT_OBJC_MSGSEND = YES;
				GCC_C_LANGUAGE_STANDARD = gnu99;
				GCC_NO_COMMON_BLOCKS = YES;
				GCC_WARN_64_TO_32_BIT_CONVERSION = YES;
				GCC_WARN_ABOUT_RETURN_TYPE = YES_ERROR;
				GCC_WARN_UNDECLARED_SELECTOR = YES;
				GCC_WARN_UNINITIALIZED_AUTOS = YES_AGGRESSIVE;
				GCC_WARN_UNUSED_FUNCTION = YES;
				GCC_WARN_UNUSED_VARIABLE = YES;
				IPHONEOS_DEPLOYMENT_TARGET = 9.1;
				MTL_ENABLE_DEBUG_INFO = NO;
				SDKROOT = iphoneos;
				VALIDATE_PRODUCT = YES;
			};
			name = Release;
		};
		EBE4E5FC1BFED893001ADC02 /* Debug */ = {
			isa = XCBuildConfiguration;
			buildSettings = {
				ASSETCATALOG_COMPILER_APPICON_NAME = AppIcon;
				INFOPLIST_FILE = calculator/Info.plist;
				LD_RUNPATH_SEARCH_PATHS = "$(inherited) @executable_path/Frameworks";
				PRODUCT_BUNDLE_IDENTIFIER = esther.calculator;
				PRODUCT_NAME = "$(TARGET_NAME)";
			};
			name = Debug;
		};
		EBE4E5FD1BFED893001ADC02 /* Release */ = {
			isa = XCBuildConfiguration;
			buildSettings = {
				ASSETCATALOG_COMPILER_APPICON_NAME = AppIcon;
				INFOPLIST_FILE = calculator/Info.plist;
				LD_RUNPATH_SEARCH_PATHS = "$(inherited) @executable_path/Frameworks";
				PRODUCT_BUNDLE_IDENTIFIER = esther.calculator;
				PRODUCT_NAME = "$(TARGET_NAME)";
			};
			name = Release;
		};
		EBE4E5FF1BFED893001ADC02 /* Debug */ = {
			isa = XCBuildConfiguration;
			buildSettings = {
				BUNDLE_LOADER = "$(TEST_HOST)";
				INFOPLIST_FILE = calculatorTests/Info.plist;
				LD_RUNPATH_SEARCH_PATHS = "$(inherited) @executable_path/Frameworks @loader_path/Frameworks";
				PRODUCT_BUNDLE_IDENTIFIER = esther.calculatorTests;
				PRODUCT_NAME = "$(TARGET_NAME)";
				TEST_HOST = "$(BUILT_PRODUCTS_DIR)/calculator.app/calculator";
			};
			name = Debug;
		};
		EBE4E6001BFED893001ADC02 /* Release */ = {
			isa = XCBuildConfiguration;
			buildSettings = {
				BUNDLE_LOADER = "$(TEST_HOST)";
				INFOPLIST_FILE = calculatorTests/Info.plist;
				LD_RUNPATH_SEARCH_PATHS = "$(inherited) @executable_path/Frameworks @loader_path/Frameworks";
				PRODUCT_BUNDLE_IDENTIFIER = esther.calculatorTests;
				PRODUCT_NAME = "$(TARGET_NAME)";
				TEST_HOST = "$(BUILT_PRODUCTS_DIR)/calculator.app/calculator";
			};
			name = Release;
		};
		EBE4E6021BFED893001ADC02 /* Debug */ = {
			isa = XCBuildConfiguration;
			buildSettings = {
				INFOPLIST_FILE = calculatorUITests/Info.plist;
				LD_RUNPATH_SEARCH_PATHS = "$(inherited) @executable_path/Frameworks @loader_path/Frameworks";
				PRODUCT_BUNDLE_IDENTIFIER = esther.calculatorUITests;
				PRODUCT_NAME = "$(TARGET_NAME)";
				TEST_TARGET_NAME = calculator;
				USES_XCTRUNNER = YES;
			};
			name = Debug;
		};
		EBE4E6031BFED893001ADC02 /* Release */ = {
			isa = XCBuildConfiguration;
			buildSettings = {
				INFOPLIST_FILE = calculatorUITests/Info.plist;
				LD_RUNPATH_SEARCH_PATHS = "$(inherited) @executable_path/Frameworks @loader_path/Frameworks";
				PRODUCT_BUNDLE_IDENTIFIER = esther.calculatorUITests;
				PRODUCT_NAME = "$(TARGET_NAME)";
				TEST_TARGET_NAME = calculator;
				USES_XCTRUNNER = YES;
			};
			name = Release;
		};
/* End XCBuildConfiguration section */

/* Begin XCConfigurationList section */
		EBE4E5C91BFED892001ADC02 /* Build configuration list for PBXProject "calculator" */ = {
			isa = XCConfigurationList;
			buildConfigurations = (
				EBE4E5F91BFED893001ADC02 /* Debug */,
				EBE4E5FA1BFED893001ADC02 /* Release */,
			);
			defaultConfigurationIsVisible = 0;
			defaultConfigurationName = Release;
		};
		EBE4E5FB1BFED893001ADC02 /* Build configuration list for PBXNativeTarget "calculator" */ = {
			isa = XCConfigurationList;
			buildConfigurations = (
				EBE4E5FC1BFED893001ADC02 /* Debug */,
				EBE4E5FD1BFED893001ADC02 /* Release */,
			);
			defaultConfigurationIsVisible = 0;
			defaultConfigurationName = Release;
		};
		EBE4E5FE1BFED893001ADC02 /* Build configuration list for PBXNativeTarget "calculatorTests" */ = {
			isa = XCConfigurationList;
			buildConfigurations = (
				EBE4E5FF1BFED893001ADC02 /* Debug */,
				EBE4E6001BFED893001ADC02 /* Release */,
			);
			defaultConfigurationIsVisible = 0;
			defaultConfigurationName = Release;
		};
		EBE4E6011BFED893001ADC02 /* Build configuration list for PBXNativeTarget "calculatorUITests" */ = {
			isa = XCConfigurationList;
			buildConfigurations = (
				EBE4E6021BFED893001ADC02 /* Debug */,
				EBE4E6031BFED893001ADC02 /* Release */,
			);
			defaultConfigurationIsVisible = 0;
			defaultConfigurationName = Release;
		};
/* End XCConfigurationList section */
	};
	rootObject = EBE4E5C61BFED892001ADC02 /* Project object */;
}
